Microsoft Visual Studio Solution File, Format Version 12.00
# Visual Studio 2012
Project("{FAE04EC0-301F-11D3-BF4B-00C04F79EFBC}") = "Mercenaries", "Mercenaries.csproj", "{10443D5C-5CC2-461F-8D2F-640EB233A5DE}"
EndProject
Global
	GlobalSection(SolutionConfigurationPlatforms) = preSolution
	Debug|Any CPU = Debug|Any CPU
	ExportDebug|Any CPU = ExportDebug|Any CPU
	ExportRelease|Any CPU = ExportRelease|Any CPU
	EndGlobalSection
	GlobalSection(ProjectConfigurationPlatforms) = postSolution
		{10443D5C-5CC2-461F-8D2F-640EB233A5DE}.Debug|Any CPU.ActiveCfg = Debug|Any CPU
		{10443D5C-5CC2-461F-8D2F-640EB233A5DE}.Debug|Any CPU.Build.0 = Debug|Any CPU
		{10443D5C-5CC2-461F-8D2F-640EB233A5DE}.ExportDebug|Any CPU.ActiveCfg = ExportDebug|Any CPU
		{10443D5C-5CC2-461F-8D2F-640EB233A5DE}.ExportDebug|Any CPU.Build.0 = ExportDebug|Any CPU
		{10443D5C-5CC2-461F-8D2F-640EB233A5DE}.ExportRelease|Any CPU.ActiveCfg = ExportRelease|Any CPU
		{10443D5C-5CC2-461F-8D2F-640EB233A5DE}.ExportRelease|Any CPU.Build.0 = ExportRelease|Any CPU
	EndGlobalSection
EndGlobal
